
Microsoft Visual Studio Solution File, Format Version 12.00
# Visual Studio Version 16
VisualStudioVersion = 16.0.29911.84
MinimumVisualStudioVersion = 10.0.40219.1
Project("{FAE04EC0-301F-11D3-BF4B-00C04F79EFBC}") = "KitapOtomasyonu", "KitapOtomasyonu\KitapOtomasyonu.csproj", "{0DB05D7E-71AB-4543-9B9E-E31CDB8E3AFA}"
EndProject
Global
	GlobalSection(SolutionConfigurationPlatforms) = preSolution
		Debug|Any CPU = Debug|Any CPU
		Release|Any CPU = Release|Any CPU
	EndGlobalSection
	GlobalSection(ProjectConfigurationPlatforms) = postSolution
		{0DB05D7E-71AB-4543-9B9E-E31CDB8E3AFA}.Debug|Any CPU.ActiveCfg = Debug|Any CPU
		{0DB05D7E-71AB-4543-9B9E-E31CDB8E3AFA}.Debug|Any CPU.Build.0 = Debug|Any CPU
		{0DB05D7E-71AB-4543-9B9E-E31CDB8E3AFA}.Release|Any CPU.ActiveCfg = Release|Any CPU
		{0DB05D7E-71AB-4543-9B9E-E31CDB8E3AFA}.Release|Any CPU.Build.0 = Release|Any CPU
	EndGlobalSection
	GlobalSection(SolutionProperties) = preSolution
		HideSolutionNode = FALSE
	EndGlobalSection
	GlobalSection(ExtensibilityGlobals) = postSolution
		SolutionGuid = {C5790196-7C35-4F72-87FE-DC0C5F6F0669}
	EndGlobalSection
EndGlobal
